// !$*UTF8*$!
{
	archiveVersion = 1;
	classes = {
	};
	objectVersion = 56;
	objects = {

/* Begin PBXBuildFile section */
		FDA774542B1F70D200DF7D8C /* ElementIconView.swift in Sources */ = {isa = PBXBuildFile; fileRef = FDA774532B1F70D200DF7D8C /* ElementIconView.swift */; };
		FDCBF9E82B1DEF4200214599 /* ElementModel.swift in Sources */ = {isa = PBXBuildFile; fileRef = FDCBF9E72B1DEF4200214599 /* ElementModel.swift */; };
		FDCBF9EA2B1E0C0F00214599 /* PeriodicTableJSON.json in Resources */ = {isa = PBXBuildFile; fileRef = FDCBF9E92B1E0C0F00214599 /* PeriodicTableJSON.json */; };
		FDCBF9EC2B1E1AAA00214599 /* Bundle+Extension.swift in Sources */ = {isa = PBXBuildFile; fileRef = FDCBF9EB2B1E1AAA00214599 /* Bundle+Extension.swift */; };
		FDD3C1672AFA6E7A0031336C /* AppDelegate.swift in Sources */ = {isa = PBXBuildFile; fileRef = FDD3C1662AFA6E7A0031336C /* AppDelegate.swift */; };
		FDD3C1692AFA6E7A0031336C /* SceneDelegate.swift in Sources */ = {isa = PBXBuildFile; fileRef = FDD3C1682AFA6E7A0031336C /* SceneDelegate.swift */; };
		FDD3C16B2AFA6E7A0031336C /* ViewController.swift in Sources */ = {isa = PBXBuildFile; fileRef = FDD3C16A2AFA6E7A0031336C /* ViewController.swift */; };
		FDD3C16E2AFA6E7A0031336C /* Main.storyboard in Resources */ = {isa = PBXBuildFile; fileRef = FDD3C16C2AFA6E7A0031336C /* Main.storyboard */; };
		FDD3C1702AFA6E7B0031336C /* Assets.xcassets in Resources */ = {isa = PBXBuildFile; fileRef = FDD3C16F2AFA6E7B0031336C /* Assets.xcassets */; };
		FDD3C1732AFA6E7B0031336C /* LaunchScreen.storyboard in Resources */ = {isa = PBXBuildFile; fileRef = FDD3C1712AFA6E7B0031336C /* LaunchScreen.storyboard */; };
		FDD3C17E2AFA6E7B0031336C /* ElementQuizTests.swift in Sources */ = {isa = PBXBuildFile; fileRef = FDD3C17D2AFA6E7B0031336C /* ElementQuizTests.swift */; };
		FDD3C1882AFA6E7B0031336C /* ElementQuizUITests.swift in Sources */ = {isa = PBXBuildFile; fileRef = FDD3C1872AFA6E7B0031336C /* ElementQuizUITests.swift */; };
		FDD3C18A2AFA6E7B0031336C /* ElementQuizUITestsLaunchTests.swift in Sources */ = {isa = PBXBuildFile; fileRef = FDD3C1892AFA6E7B0031336C /* ElementQuizUITestsLaunchTests.swift */; };
/* End PBXBuildFile section */

/* Begin PBXContainerItemProxy section */
		FDD3C17A2AFA6E7B0031336C /* PBXContainerItemProxy */ = {
			isa = PBXContainerItemProxy;
			containerPortal = FDD3C15B2AFA6E7A0031336C /* Project object */;
			proxyType = 1;
			remoteGlobalIDString = FDD3C1622AFA6E7A0031336C;
			remoteInfo = ElementQuiz;
		};
		FDD3C1842AFA6E7B0031336C /* PBXContainerItemProxy */ = {
			isa = PBXContainerItemProxy;
			containerPortal = FDD3C15B2AFA6E7A0031336C /* Project object */;
			proxyType = 1;
			remoteGlobalIDString = FDD3C1622AFA6E7A0031336C;
			remoteInfo = ElementQuiz;
		};
/* End PBXContainerItemProxy section */

/* Begin PBXFileReference section */
		FDA774532B1F70D200DF7D8C /* ElementIconView.swift */ = {isa = PBXFileReference; lastKnownFileType = sourcecode.swift; path = ElementIconView.swift; sourceTree = "<group>"; };
		FDCBF9E72B1DEF4200214599 /* ElementModel.swift */ = {isa = PBXFileReference; lastKnownFileType = sourcecode.swift; path = ElementModel.swift; sourceTree = "<group>"; };
		FDCBF9E92B1E0C0F00214599 /* PeriodicTableJSON.json */ = {isa = PBXFileReference; fileEncoding = 4; lastKnownFileType = text.json; path = PeriodicTableJSON.json; sourceTree = "<group>"; };
		FDCBF9EB2B1E1AAA00214599 /* Bundle+Extension.swift */ = {isa = PBXFileReference; lastKnownFileType = sourcecode.swift; path = "Bundle+Extension.swift"; sourceTree = "<group>"; };
		FDD3C1632AFA6E7A0031336C /* ElementQuiz.app */ = {isa = PBXFileReference; explicitFileType = wrapper.application; includeInIndex = 0; path = ElementQuiz.app; sourceTree = BUILT_PRODUCTS_DIR; };
		FDD3C1662AFA6E7A0031336C /* AppDelegate.swift */ = {isa = PBXFileReference; lastKnownFileType = sourcecode.swift; path = AppDelegate.swift; sourceTree = "<group>"; };
		FDD3C1682AFA6E7A0031336C /* SceneDelegate.swift */ = {isa = PBXFileReference; lastKnownFileType = sourcecode.swift; path = SceneDelegate.swift; sourceTree = "<group>"; };
		FDD3C16A2AFA6E7A0031336C /* ViewController.swift */ = {isa = PBXFileReference; lastKnownFileType = sourcecode.swift; path = ViewController.swift; sourceTree = "<group>"; };
		FDD3C16D2AFA6E7A0031336C /* Base */ = {isa = PBXFileReference; lastKnownFileType = file.storyboard; name = Base; path = Base.lproj/Main.storyboard; sourceTree = "<group>"; };
		FDD3C16F2AFA6E7B0031336C /* Assets.xcassets */ = {isa = PBXFileReference; lastKnownFileType = folder.assetcatalog; path = Assets.xcassets; sourceTree = "<group>"; };
		FDD3C1722AFA6E7B0031336C /* Base */ = {isa = PBXFileReference; lastKnownFileType = file.storyboard; name = Base; path = Base.lproj/LaunchScreen.storyboard; sourceTree = "<group>"; };
		FDD3C1742AFA6E7B0031336C /* Info.plist */ = {isa = PBXFileReference; lastKnownFileType = text.plist.xml; path = Info.plist; sourceTree = "<group>"; };
		FDD3C1792AFA6E7B0031336C /* ElementQuizTests.xctest */ = {isa = PBXFileReference; explicitFileType = wrapper.cfbundle; includeInIndex = 0; path = ElementQuizTests.xctest; sourceTree = BUILT_PRODUCTS_DIR; };
		FDD3C17D2AFA6E7B0031336C /* ElementQuizTests.swift */ = {isa = PBXFileReference; lastKnownFileType = sourcecode.swift; path = ElementQuizTests.swift; sourceTree = "<group>"; };
		FDD3C1832AFA6E7B0031336C /* ElementQuizUITests.xctest */ = {isa = PBXFileReference; explicitFileType = wrapper.cfbundle; includeInIndex = 0; path = ElementQuizUITests.xctest; sourceTree = BUILT_PRODUCTS_DIR; };
		FDD3C1872AFA6E7B0031336C /* ElementQuizUITests.swift */ = {isa = PBXFileReference; lastKnownFileType = sourcecode.swift; path = ElementQuizUITests.swift; sourceTree = "<group>"; };
		FDD3C1892AFA6E7B0031336C /* ElementQuizUITestsLaunchTests.swift */ = {isa = PBXFileReference; lastKnownFileType = sourcecode.swift; path = ElementQuizUITestsLaunchTests.swift; sourceTree = "<group>"; };
/* End PBXFileReference section */

/* Begin PBXFrameworksBuildPhase section */
		FDD3C1602AFA6E7A0031336C /* Frameworks */ = {
			isa = PBXFrameworksBuildPhase;
			buildActionMask = 2147483647;
			files = (
			);
			runOnlyForDeploymentPostprocessing = 0;
		};
		FDD3C1762AFA6E7B0031336C /* Frameworks */ = {
			isa = PBXFrameworksBuildPhase;
			buildActionMask = 2147483647;
			files = (
			);
			runOnlyForDeploymentPostprocessing = 0;
		};
		FDD3C1802AFA6E7B0031336C /* Frameworks */ = {
			isa = PBXFrameworksBuildPhase;
			buildActionMask = 2147483647;
			files = (
			);
			runOnlyForDeploymentPostprocessing = 0;
		};
/* End PBXFrameworksBuildPhase section */

/* Begin PBXGroup section */
		FDD3C15A2AFA6E7A0031336C = {
			isa = PBXGroup;
			children = (
				FDD3C1652AFA6E7A0031336C /* ElementQuiz */,
				FDD3C17C2AFA6E7B0031336C /* ElementQuizTests */,
				FDD3C1862AFA6E7B0031336C /* ElementQuizUITests */,
				FDD3C1642AFA6E7A0031336C /* Products */,
			);
			sourceTree = "<group>";
		};
		FDD3C1642AFA6E7A0031336C /* Products */ = {
			isa = PBXGroup;
			children = (
				FDD3C1632AFA6E7A0031336C /* ElementQuiz.app */,
				FDD3C1792AFA6E7B0031336C /* ElementQuizTests.xctest */,
				FDD3C1832AFA6E7B0031336C /* ElementQuizUITests.xctest */,
			);
			name = Products;
			sourceTree = "<group>";
		};
		FDD3C1652AFA6E7A0031336C /* ElementQuiz */ = {
			isa = PBXGroup;
			children = (
				FDD3C1662AFA6E7A0031336C /* AppDelegate.swift */,
				FDD3C1682AFA6E7A0031336C /* SceneDelegate.swift */,
				FDD3C16A2AFA6E7A0031336C /* ViewController.swift */,
				FDA774532B1F70D200DF7D8C /* ElementIconView.swift */,
				FDD3C16C2AFA6E7A0031336C /* Main.storyboard */,
				FDD3C16F2AFA6E7B0031336C /* Assets.xcassets */,
				FDD3C1712AFA6E7B0031336C /* LaunchScreen.storyboard */,
				FDD3C1742AFA6E7B0031336C /* Info.plist */,
				FDCBF9E72B1DEF4200214599 /* ElementModel.swift */,
				FDCBF9EB2B1E1AAA00214599 /* Bundle+Extension.swift */,
				FDCBF9E92B1E0C0F00214599 /* PeriodicTableJSON.json */,
			);
			path = ElementQuiz;
			sourceTree = "<group>";
		};
		FDD3C17C2AFA6E7B0031336C /* ElementQuizTests */ = {
			isa = PBXGroup;
			children = (
				FDD3C17D2AFA6E7B0031336C /* ElementQuizTests.swift */,
			);
			path = ElementQuizTests;
			sourceTree = "<group>";
		};
		FDD3C1862AFA6E7B0031336C /* ElementQuizUITests */ = {
			isa = PBXGroup;
			children = (
				FDD3C1872AFA6E7B0031336C /* ElementQuizUITests.swift */,
				FDD3C1892AFA6E7B0031336C /* ElementQuizUITestsLaunchTests.swift */,
			);
			path = ElementQuizUITests;
			sourceTree = "<group>";
		};
/* End PBXGroup section */

/* Begin PBXNativeTarget section */
		FDD3C1622AFA6E7A0031336C /* ElementQuiz */ = {
			isa = PBXNativeTarget;
			buildConfigurationList = FDD3C18D2AFA6E7B0031336C /* Build configuration list for PBXNativeTarget "ElementQuiz" */;
			buildPhases = (
				FDD3C15F2AFA6E7A0031336C /* Sources */,
				FDD3C1602AFA6E7A0031336C /* Frameworks */,
				FDD3C1612AFA6E7A0031336C /* Resources */,
			);
			buildRules = (
			);
			dependencies = (
			);
			name = ElementQuiz;
			productName = ElementQuiz;
			productReference = FDD3C1632AFA6E7A0031336C /* ElementQuiz.app */;
			productType = "com.apple.product-type.application";
		};
		FDD3C1782AFA6E7B0031336C /* ElementQuizTests */ = {
			isa = PBXNativeTarget;
			buildConfigurationList = FDD3C1902AFA6E7B0031336C /* Build configuration list for PBXNativeTarget "ElementQuizTests" */;
			buildPhases = (
				FDD3C1752AFA6E7B0031336C /* Sources */,
				FDD3C1762AFA6E7B0031336C /* Frameworks */,
				FDD3C1772AFA6E7B0031336C /* Resources */,
			);
			buildRules = (
			);
			dependencies = (
				FDD3C17B2AFA6E7B0031336C /* PBXTargetDependency */,
			);
			name = ElementQuizTests;
			productName = ElementQuizTests;
			productReference = FDD3C1792AFA6E7B0031336C /* ElementQuizTests.xctest */;
			productType = "com.apple.product-type.bundle.unit-test";
		};
		FDD3C1822AFA6E7B0031336C /* ElementQuizUITests */ = {
			isa = PBXNativeTarget;
			buildConfigurationList = FDD3C1932AFA6E7B0031336C /* Build configuration list for PBXNativeTarget "ElementQuizUITests" */;
			buildPhases = (
				FDD3C17F2AFA6E7B0031336C /* Sources */,
				FDD3C1802AFA6E7B0031336C /* Frameworks */,
				FDD3C1812AFA6E7B0031336C /* Resources */,
			);
			buildRules = (
			);
			dependencies = (
				FDD3C1852AFA6E7B0031336C /* PBXTargetDependency */,
			);
			name = ElementQuizUITests;
			productName = ElementQuizUITests;
			productReference = FDD3C1832AFA6E7B0031336C /* ElementQuizUITests.xctest */;
			productType = "com.apple.product-type.bundle.ui-testing";
		};
/* End PBXNativeTarget section */

/* Begin PBXProject section */
		FDD3C15B2AFA6E7A0031336C /* Project object */ = {
			isa = PBXProject;
			attributes = {
				BuildIndependentTargetsInParallel = 1;
				LastSwiftUpdateCheck = 1420;
				LastUpgradeCheck = 1420;
				TargetAttributes = {
					FDD3C1622AFA6E7A0031336C = {
						CreatedOnToolsVersion = 14.2;
					};
					FDD3C1782AFA6E7B0031336C = {
						CreatedOnToolsVersion = 14.2;
						TestTargetID = FDD3C1622AFA6E7A0031336C;
					};
					FDD3C1822AFA6E7B0031336C = {
						CreatedOnToolsVersion = 14.2;
						TestTargetID = FDD3C1622AFA6E7A0031336C;
					};
				};
			};
			buildConfigurationList = FDD3C15E2AFA6E7A0031336C /* Build configuration list for PBXProject "ElementQuiz" */;
			compatibilityVersion = "Xcode 14.0";
			developmentRegion = en;
			hasScannedForEncodings = 0;
			knownRegions = (
				en,
				Base,
			);
			mainGroup = FDD3C15A2AFA6E7A0031336C;
			productRefGroup = FDD3C1642AFA6E7A0031336C /* Products */;
			projectDirPath = "";
			projectRoot = "";
			targets = (
				FDD3C1622AFA6E7A0031336C /* ElementQuiz */,
				FDD3C1782AFA6E7B0031336C /* ElementQuizTests */,
				FDD3C1822AFA6E7B0031336C /* ElementQuizUITests */,
			);
		};
/* End PBXProject section */

/* Begin PBXResourcesBuildPhase section */
		FDD3C1612AFA6E7A0031336C /* Resources */ = {
			isa = PBXResourcesBuildPhase;
			buildActionMask = 2147483647;
			files = (
				FDD3C1732AFA6E7B0031336C /* LaunchScreen.storyboard in Resources */,
				FDD3C1702AFA6E7B0031336C /* Assets.xcassets in Resources */,
				FDD3C16E2AFA6E7A0031336C /* Main.storyboard in Resources */,
				FDCBF9EA2B1E0C0F00214599 /* PeriodicTableJSON.json in Resources */,
			);
			runOnlyForDeploymentPostprocessing = 0;
		};
		FDD3C1772AFA6E7B0031336C /* Resources */ = {
			isa = PBXResourcesBuildPhase;
			buildActionMask = 2147483647;
			files = (
			);
			runOnlyForDeploymentPostprocessing = 0;
		};
		FDD3C1812AFA6E7B0031336C /* Resources */ = {
			isa = PBXResourcesBuildPhase;
			buildActionMask = 2147483647;
			files = (
			);
			runOnlyForDeploymentPostprocessing = 0;
		};
/* End PBXResourcesBuildPhase section */

/* Begin PBXSourcesBuildPhase section */
		FDD3C15F2AFA6E7A0031336C /* Sources */ = {
			isa = PBXSourcesBuildPhase;
			buildActionMask = 2147483647;
			files = (
				FDCBF9E82B1DEF4200214599 /* ElementModel.swift in Sources */,
				FDCBF9EC2B1E1AAA00214599 /* Bundle+Extension.swift in Sources */,
				FDA774542B1F70D200DF7D8C /* ElementIconView.swift in Sources */,
				FDD3C16B2AFA6E7A0031336C /* ViewController.swift in Sources */,
				FDD3C1672AFA6E7A0031336C /* AppDelegate.swift in Sources */,
				FDD3C1692AFA6E7A0031336C /* SceneDelegate.swift in Sources */,
			);
			runOnlyForDeploymentPostprocessing = 0;
		};
		FDD3C1752AFA6E7B0031336C /* Sources */ = {
			isa = PBXSourcesBuildPhase;
			buildActionMask = 2147483647;
			files = (
				FDD3C17E2AFA6E7B0031336C /* ElementQuizTests.swift in Sources */,
			);
			runOnlyForDeploymentPostprocessing = 0;
		};
		FDD3C17F2AFA6E7B0031336C /* Sources */ = {
			isa = PBXSourcesBuildPhase;
			buildActionMask = 2147483647;
			files = (
				FDD3C18A2AFA6E7B0031336C /* ElementQuizUITestsLaunchTests.swift in Sources */,
				FDD3C1882AFA6E7B0031336C /* ElementQuizUITests.swift in Sources */,
			);
			runOnlyForDeploymentPostprocessing = 0;
		};
/* End PBXSourcesBuildPhase section */

/* Begin PBXTargetDependency section */
		FDD3C17B2AFA6E7B0031336C /* PBXTargetDependency */ = {
			isa = PBXTargetDependency;
			target = FDD3C1622AFA6E7A0031336C /* ElementQuiz */;
			targetProxy = FDD3C17A2AFA6E7B0031336C /* PBXContainerItemProxy */;
		};
		FDD3C1852AFA6E7B0031336C /* PBXTargetDependency */ = {
			isa = PBXTargetDependency;
			target = FDD3C1622AFA6E7A0031336C /* ElementQuiz */;
			targetProxy = FDD3C1842AFA6E7B0031336C /* PBXContainerItemProxy */;
		};
/* End PBXTargetDependency section */

/* Begin PBXVariantGroup section */
		FDD3C16C2AFA6E7A0031336C /* Main.storyboard */ = {
			isa = PBXVariantGroup;
			children = (
				FDD3C16D2AFA6E7A0031336C /* Base */,
			);
			name = Main.storyboard;
			sourceTree = "<group>";
		};
		FDD3C1712AFA6E7B0031336C /* LaunchScreen.storyboard */ = {
			isa = PBXVariantGroup;
			children = (
				FDD3C1722AFA6E7B0031336C /* Base */,
			);
			name = LaunchScreen.storyboard;
			sourceTree = "<group>";
		};
/* End PBXVariantGroup section */

/* Begin XCBuildConfiguration section */
		FDD3C18B2AFA6E7B0031336C /* Debug */ = {
			isa = XCBuildConfiguration;
			buildSettings = {
				ALWAYS_SEARCH_USER_PATHS = NO;
				CLANG_ANALYZER_NONNULL = YES;
				CLANG_ANALYZER_NUMBER_OBJECT_CONVERSION = YES_AGGRESSIVE;
				CLANG_CXX_LANGUAGE_STANDARD = "gnu++20";
				CLANG_ENABLE_MODULES = YES;
				CLANG_ENABLE_OBJC_ARC = YES;
				CLANG_ENABLE_OBJC_WEAK = YES;
				CLANG_WARN_BLOCK_CAPTURE_AUTORELEASING = YES;
				CLANG_WARN_BOOL_CONVERSION = YES;
				CLANG_WARN_COMMA = YES;
				CLANG_WARN_CONSTANT_CONVERSION = YES;
				CLANG_WARN_DEPRECATED_OBJC_IMPLEMENTATIONS = YES;
				CLANG_WARN_DIRECT_OBJC_ISA_USAGE = YES_ERROR;
				CLANG_WARN_DOCUMENTATION_COMMENTS = YES;
				CLANG_WARN_EMPTY_BODY = YES;
				CLANG_WARN_ENUM_CONVERSION = YES;
				CLANG_WARN_INFINITE_RECURSION = YES;
				CLANG_WARN_INT_CONVERSION = YES;
				CLANG_WARN_NON_LITERAL_NULL_CONVERSION = YES;
				CLANG_WARN_OBJC_IMPLICIT_RETAIN_SELF = YES;
				CLANG_WARN_OBJC_LITERAL_CONVERSION = YES;
				CLANG_WARN_OBJC_ROOT_CLASS = YES_ERROR;
				CLANG_WARN_QUOTED_INCLUDE_IN_FRAMEWORK_HEADER = YES;
				CLANG_WARN_RANGE_LOOP_ANALYSIS = YES;
				CLANG_WARN_STRICT_PROTOTYPES = YES;
				CLANG_WARN_SUSPICIOUS_MOVE = YES;
				CLANG_WARN_UNGUARDED_AVAILABILITY = YES_AGGRESSIVE;
				CLANG_WARN_UNREACHABLE_CODE = YES;
				CLANG_WARN__DUPLICATE_METHOD_MATCH = YES;
				COPY_PHASE_STRIP = NO;
				DEBUG_INFORMATION_FORMAT = dwarf;
				ENABLE_STRICT_OBJC_MSGSEND = YES;
				ENABLE_TESTABILITY = YES;
				GCC_C_LANGUAGE_STANDARD = gnu11;
				GCC_DYNAMIC_NO_PIC = NO;
				GCC_NO_COMMON_BLOCKS = YES;
				GCC_OPTIMIZATION_LEVEL = 0;
				GCC_PREPROCESSOR_DEFINITIONS = (
					"DEBUG=1",
					"$(inherited)",
				);
				GCC_WARN_64_TO_32_BIT_CONVERSION = YES;
				GCC_WARN_ABOUT_RETURN_TYPE = YES_ERROR;
				GCC_WARN_UNDECLARED_SELECTOR = YES;
				GCC_WARN_UNINITIALIZED_AUTOS = YES_AGGRESSIVE;
				GCC_WARN_UNUSED_FUNCTION = YES;
				GCC_WARN_UNUSED_VARIABLE = YES;
				IPHONEOS_DEPLOYMENT_TARGET = 16.2;
				MTL_ENABLE_DEBUG_INFO = INCLUDE_SOURCE;
				MTL_FAST_MATH = YES;
				ONLY_ACTIVE_ARCH = YES;
				SDKROOT = iphoneos;
				SWIFT_ACTIVE_COMPILATION_CONDITIONS = DEBUG;
				SWIFT_OPTIMIZATION_LEVEL = "-Onone";
			};
			name = Debug;
		};
		FDD3C18C2AFA6E7B0031336C /* Release */ = {
			isa = XCBuildConfiguration;
			buildSettings = {
				ALWAYS_SEARCH_USER_PATHS = NO;
				CLANG_ANALYZER_NONNULL = YES;
				CLANG_ANALYZER_NUMBER_OBJECT_CONVERSION = YES_AGGRESSIVE;
				CLANG_CXX_LANGUAGE_STANDARD = "gnu++20";
				CLANG_ENABLE_MODULES = YES;
				CLANG_ENABLE_OBJC_ARC = YES;
				CLANG_ENABLE_OBJC_WEAK = YES;
				CLANG_WARN_BLOCK_CAPTURE_AUTORELEASING = YES;
				CLANG_WARN_BOOL_CONVERSION = YES;
				CLANG_WARN_COMMA = YES;
				CLANG_WARN_CONSTANT_CONVERSION = YES;
				CLANG_WARN_DEPRECATED_OBJC_IMPLEMENTATIONS = YES;
				CLANG_WARN_DIRECT_OBJC_ISA_USAGE = YES_ERROR;
				CLANG_WARN_DOCUMENTATION_COMMENTS = YES;
				CLANG_WARN_EMPTY_BODY = YES;
				CLANG_WARN_ENUM_CONVERSION = YES;
				CLANG_WARN_INFINITE_RECURSION = YES;
				CLANG_WARN_INT_CONVERSION = YES;
				CLANG_WARN_NON_LITERAL_NULL_CONVERSION = YES;
				CLANG_WARN_OBJC_IMPLICIT_RETAIN_SELF = YES;
				CLANG_WARN_OBJC_LITERAL_CONVERSION = YES;
				CLANG_WARN_OBJC_ROOT_CLASS = YES_ERROR;
				CLANG_WARN_QUOTED_INCLUDE_IN_FRAMEWORK_HEADER = YES;
				CLANG_WARN_RANGE_LOOP_ANALYSIS = YES;
				CLANG_WARN_STRICT_PROTOTYPES = YES;
				CLANG_WARN_SUSPICIOUS_MOVE = YES;
				CLANG_WARN_UNGUARDED_AVAILABILITY = YES_AGGRESSIVE;
				CLANG_WARN_UNREACHABLE_CODE = YES;
				CLANG_WARN__DUPLICATE_METHOD_MATCH = YES;
				COPY_PHASE_STRIP = NO;
				DEBUG_INFORMATION_FORMAT = "dwarf-with-dsym";
				ENABLE_NS_ASSERTIONS = NO;
				ENABLE_STRICT_OBJC_MSGSEND = YES;
				GCC_C_LANGUAGE_STANDARD = gnu11;
				GCC_NO_COMMON_BLOCKS = YES;
				GCC_WARN_64_TO_32_BIT_CONVERSION = YES;
				GCC_WARN_ABOUT_RETURN_TYPE = YES_ERROR;
				GCC_WARN_UNDECLARED_SELECTOR = YES;
				GCC_WARN_UNINITIALIZED_AUTOS = YES_AGGRESSIVE;
				GCC_WARN_UNUSED_FUNCTION = YES;
				GCC_WARN_UNUSED_VARIABLE = YES;
				IPHONEOS_DEPLOYMENT_TARGET = 16.2;
				MTL_ENABLE_DEBUG_INFO = NO;
				MTL_FAST_MATH = YES;
				SDKROOT = iphoneos;
				SWIFT_COMPILATION_MODE = wholemodule;
				SWIFT_OPTIMIZATION_LEVEL = "-O";
				VALIDATE_PRODUCT = YES;
			};
			name = Release;
		};
		FDD3C18E2AFA6E7B0031336C /* Debug */ = {
			isa = XCBuildConfiguration;
			buildSettings = {
				ASSETCATALOG_COMPILER_APPICON_NAME = AppIcon;
				ASSETCATALOG_COMPILER_GLOBAL_ACCENT_COLOR_NAME = AccentColor;
				CODE_SIGN_STYLE = Automatic;
				CURRENT_PROJECT_VERSION = 1;
				DEVELOPMENT_TEAM = 4PHSLA8XUS;
				GENERATE_INFOPLIST_FILE = YES;
				INFOPLIST_FILE = ElementQuiz/Info.plist;
				INFOPLIST_KEY_UIApplicationSupportsIndirectInputEvents = YES;
				INFOPLIST_KEY_UILaunchStoryboardName = LaunchScreen;
				INFOPLIST_KEY_UIMainStoryboardFile = Main;
				INFOPLIST_KEY_UISupportedInterfaceOrientations_iPad = "UIInterfaceOrientationPortrait UIInterfaceOrientationPortraitUpsideDown UIInterfaceOrientationLandscapeLeft UIInterfaceOrientationLandscapeRight";
				INFOPLIST_KEY_UISupportedInterfaceOrientations_iPhone = "UIInterfaceOrientationPortrait UIInterfaceOrientationLandscapeLeft UIInterfaceOrientationLandscapeRight";
				LD_RUNPATH_SEARCH_PATHS = (
					"$(inherited)",
					"@executable_path/Frameworks",
				);
				MARKETING_VERSION = 1.0;
				PRODUCT_BUNDLE_IDENTIFIER = BaranovStepan.ElementQuiz;
				PRODUCT_NAME = "$(TARGET_NAME)";
				SWIFT_EMIT_LOC_STRINGS = YES;
				SWIFT_VERSION = 5.0;
				TARGETED_DEVICE_FAMILY = "1,2";
			};
			name = Debug;
		};
		FDD3C18F2AFA6E7B0031336C /* Release */ = {
			isa = XCBuildConfiguration;
			buildSettings = {
				ASSETCATALOG_COMPILER_APPICON_NAME = AppIcon;
				ASSETCATALOG_COMPILER_GLOBAL_ACCENT_COLOR_NAME = AccentColor;
				CODE_SIGN_STYLE = Automatic;
				CURRENT_PROJECT_VERSION = 1;
				DEVELOPMENT_TEAM = 4PHSLA8XUS;
				GENERATE_INFOPLIST_FILE = YES;
				INFOPLIST_FILE = ElementQuiz/Info.plist;
				INFOPLIST_KEY_UIApplicationSupportsIndirectInputEvents = YES;
				INFOPLIST_KEY_UILaunchStoryboardName = LaunchScreen;
				INFOPLIST_KEY_UIMainStoryboardFile = Main;
				INFOPLIST_KEY_UISupportedInterfaceOrientations_iPad = "UIInterfaceOrientationPortrait UIInterfaceOrientationPortraitUpsideDown UIInterfaceOrientationLandscapeLeft UIInterfaceOrientationLandscapeRight";
				INFOPLIST_KEY_UISupportedInterfaceOrientations_iPhone = "UIInterfaceOrientationPortrait UIInterfaceOrientationLandscapeLeft UIInterfaceOrientationLandscapeRight";
				LD_RUNPATH_SEARCH_PATHS = (
					"$(inherited)",
					"@executable_path/Frameworks",
				);
				MARKETING_VERSION = 1.0;
				PRODUCT_BUNDLE_IDENTIFIER = BaranovStepan.ElementQuiz;
				PRODUCT_NAME = "$(TARGET_NAME)";
				SWIFT_EMIT_LOC_STRINGS = YES;
				SWIFT_VERSION = 5.0;
				TARGETED_DEVICE_FAMILY = "1,2";
			};
			name = Release;
		};
		FDD3C1912AFA6E7B0031336C /* Debug */ = {
			isa = XCBuildConfiguration;
			buildSettings = {
				ALWAYS_EMBED_SWIFT_STANDARD_LIBRARIES = YES;
				BUNDLE_LOADER = "$(TEST_HOST)";
				CODE_SIGN_STYLE = Automatic;
				CURRENT_PROJECT_VERSION = 1;
				DEVELOPMENT_TEAM = 4PHSLA8XUS;
				GENERATE_INFOPLIST_FILE = YES;
				IPHONEOS_DEPLOYMENT_TARGET = 16.2;
				MARKETING_VERSION = 1.0;
				PRODUCT_BUNDLE_IDENTIFIER = BaranovStepan.ElementQuizTests;
				PRODUCT_NAME = "$(TARGET_NAME)";
				SWIFT_EMIT_LOC_STRINGS = NO;
				SWIFT_VERSION = 5.0;
				TARGETED_DEVICE_FAMILY = "1,2";
				TEST_HOST = "$(BUILT_PRODUCTS_DIR)/ElementQuiz.app/$(BUNDLE_EXECUTABLE_FOLDER_PATH)/ElementQuiz";
			};
			name = Debug;
		};
		FDD3C1922AFA6E7B0031336C /* Release */ = {
			isa = XCBuildConfiguration;
			buildSettings = {
				ALWAYS_EMBED_SWIFT_STANDARD_LIBRARIES = YES;
				BUNDLE_LOADER = "$(TEST_HOST)";
				CODE_SIGN_STYLE = Automatic;
				CURRENT_PROJECT_VERSION = 1;
				DEVELOPMENT_TEAM = 4PHSLA8XUS;
				GENERATE_INFOPLIST_FILE = YES;
				IPHONEOS_DEPLOYMENT_TARGET = 16.2;
				MARKETING_VERSION = 1.0;
				PRODUCT_BUNDLE_IDENTIFIER = BaranovStepan.ElementQuizTests;
				PRODUCT_NAME = "$(TARGET_NAME)";
				SWIFT_EMIT_LOC_STRINGS = NO;
				SWIFT_VERSION = 5.0;
				TARGETED_DEVICE_FAMILY = "1,2";
				TEST_HOST = "$(BUILT_PRODUCTS_DIR)/ElementQuiz.app/$(BUNDLE_EXECUTABLE_FOLDER_PATH)/ElementQuiz";
			};
			name = Release;
		};
		FDD3C1942AFA6E7B0031336C /* Debug */ = {
			isa = XCBuildConfiguration;
			buildSettings = {
				ALWAYS_EMBED_SWIFT_STANDARD_LIBRARIES = YES;
				CODE_SIGN_STYLE = Automatic;
				CURRENT_PROJECT_VERSION = 1;
				DEVELOPMENT_TEAM = 4PHSLA8XUS;
				GENERATE_INFOPLIST_FILE = YES;
				MARKETING_VERSION = 1.0;
				PRODUCT_BUNDLE_IDENTIFIER = BaranovStepan.ElementQuizUITests;
				PRODUCT_NAME = "$(TARGET_NAME)";
				SWIFT_EMIT_LOC_STRINGS = NO;
				SWIFT_VERSION = 5.0;
				TARGETED_DEVICE_FAMILY = "1,2";
				TEST_TARGET_NAME = ElementQuiz;
			};
			name = Debug;
		};
		FDD3C1952AFA6E7B0031336C /* Release */ = {
			isa = XCBuildConfiguration;
			buildSettings = {
				ALWAYS_EMBED_SWIFT_STANDARD_LIBRARIES = YES;
				CODE_SIGN_STYLE = Automatic;
				CURRENT_PROJECT_VERSION = 1;
				DEVELOPMENT_TEAM = 4PHSLA8XUS;
				GENERATE_INFOPLIST_FILE = YES;
				MARKETING_VERSION = 1.0;
				PRODUCT_BUNDLE_IDENTIFIER = BaranovStepan.ElementQuizUITests;
				PRODUCT_NAME = "$(TARGET_NAME)";
				SWIFT_EMIT_LOC_STRINGS = NO;
				SWIFT_VERSION = 5.0;
				TARGETED_DEVICE_FAMILY = "1,2";
				TEST_TARGET_NAME = ElementQuiz;
			};
			name = Release;
		};
/* End XCBuildConfiguration section */

/* Begin XCConfigurationList section */
		FDD3C15E2AFA6E7A0031336C /* Build configuration list for PBXProject "ElementQuiz" */ = {
			isa = XCConfigurationList;
			buildConfigurations = (
				FDD3C18B2AFA6E7B0031336C /* Debug */,
				FDD3C18C2AFA6E7B0031336C /* Release */,
			);
			defaultConfigurationIsVisible = 0;
			defaultConfigurationName = Release;
		};
		FDD3C18D2AFA6E7B0031336C /* Build configuration list for PBXNativeTarget "ElementQuiz" */ = {
			isa = XCConfigurationList;
			buildConfigurations = (
				FDD3C18E2AFA6E7B0031336C /* Debug */,
				FDD3C18F2AFA6E7B0031336C /* Release */,
			);
			defaultConfigurationIsVisible = 0;
			defaultConfigurationName = Release;
		};
		FDD3C1902AFA6E7B0031336C /* Build configuration list for PBXNativeTarget "ElementQuizTests" */ = {
			isa = XCConfigurationList;
			buildConfigurations = (
				FDD3C1912AFA6E7B0031336C /* Debug */,
				FDD3C1922AFA6E7B0031336C /* Release */,
			);
			defaultConfigurationIsVisible = 0;
			defaultConfigurationName = Release;
		};
		FDD3C1932AFA6E7B0031336C /* Build configuration list for PBXNativeTarget "ElementQuizUITests" */ = {
			isa = XCConfigurationList;
			buildConfigurations = (
				FDD3C1942AFA6E7B0031336C /* Debug */,
				FDD3C1952AFA6E7B0031336C /* Release */,
			);
			defaultConfigurationIsVisible = 0;
			defaultConfigurationName = Release;
		};
/* End XCConfigurationList section */
	};
	rootObject = FDD3C15B2AFA6E7A0031336C /* Project object */;
}
