// !$*UTF8*$!
{
	archiveVersion = 1;
	classes = {
	};
	objectVersion = 56;
	objects = {

/* Begin PBXBuildFile section */
		FD19C84E2B52FACA005AFAC8 /* ElementInfoViewController.swift in Sources */ = {isa = PBXBuildFile; fileRef = FD19C84D2B52FACA005AFAC8 /* ElementInfoViewController.swift */; };
		FD316D4A2B9C7D1F007263CC /* PeriodicTableViewController.swift in Sources */ = {isa = PBXBuildFile; fileRef = FD316D492B9C7D1F007263CC /* PeriodicTableViewController.swift */; };
		FD316D4C2B9CC3BD007263CC /* PeriodicTableCellView.swift in Sources */ = {isa = PBXBuildFile; fileRef = FD316D4B2B9CC3BD007263CC /* PeriodicTableCellView.swift */; };
		FD56C06E2B1FACDD007AB130 /* ElementIconView+DisplayItem.swift in Sources */ = {isa = PBXBuildFile; fileRef = FD56C06D2B1FACDD007AB130 /* ElementIconView+DisplayItem.swift */; };
		FDA1FE132B3CCA47001D9F14 /* SnapKit in Frameworks */ = {isa = PBXBuildFile; productRef = FDA1FE122B3CCA47001D9F14 /* SnapKit */; };
		FDA774542B1F70D200DF7D8C /* ElementIconView.swift in Sources */ = {isa = PBXBuildFile; fileRef = FDA774532B1F70D200DF7D8C /* ElementIconView.swift */; };
		FDA997452B29D79C004C9761 /* DataManager.swift in Sources */ = {isa = PBXBuildFile; fileRef = FDA997442B29D79C004C9761 /* DataManager.swift */; };
		FDABAAEB2B3B0F70007F423A /* User+CoreDataClass.swift in Sources */ = {isa = PBXBuildFile; fileRef = FDABAAE92B3B0F70007F423A /* User+CoreDataClass.swift */; };
		FDABAAEC2B3B0F70007F423A /* User+CoreDataProperties.swift in Sources */ = {isa = PBXBuildFile; fileRef = FDABAAEA2B3B0F70007F423A /* User+CoreDataProperties.swift */; };
		FDAE5EFA2B459DC1006C61B6 /* CircleProgressBar.swift in Sources */ = {isa = PBXBuildFile; fileRef = FDAE5EF92B459DC1006C61B6 /* CircleProgressBar.swift */; };
		FDAE5EFC2B45A881006C61B6 /* CircleProgressBar+DisplayItem.swift in Sources */ = {isa = PBXBuildFile; fileRef = FDAE5EFB2B45A881006C61B6 /* CircleProgressBar+DisplayItem.swift */; };
		FDAE5F002B45AD2C006C61B6 /* UserStatisticDataSource.swift in Sources */ = {isa = PBXBuildFile; fileRef = FDAE5EFF2B45AD2C006C61B6 /* UserStatisticDataSource.swift */; };
		FDB03A6A2B234E31004BC16E /* Colors.swift in Sources */ = {isa = PBXBuildFile; fileRef = FDB03A692B234E31004BC16E /* Colors.swift */; };
		FDB03A6E2B25F8BB004BC16E /* ElementQuizDataSource.swift in Sources */ = {isa = PBXBuildFile; fileRef = FDB03A6D2B25F8BB004BC16E /* ElementQuizDataSource.swift */; };
		FDB03AB82B263CA4004BC16E /* DataBase.xcdatamodeld in Sources */ = {isa = PBXBuildFile; fileRef = FDB03AB62B263CA4004BC16E /* DataBase.xcdatamodeld */; };
		FDB03ABB2B263ED0004BC16E /* ChemicalElementModel+CoreDataClass.swift in Sources */ = {isa = PBXBuildFile; fileRef = FDB03AB92B263ED0004BC16E /* ChemicalElementModel+CoreDataClass.swift */; };
		FDB03ABC2B263ED0004BC16E /* ChemicalElementModel+CoreDataProperties.swift in Sources */ = {isa = PBXBuildFile; fileRef = FDB03ABA2B263ED0004BC16E /* ChemicalElementModel+CoreDataProperties.swift */; };
		FDBA190B2B385A5500747B81 /* StartViewController.swift in Sources */ = {isa = PBXBuildFile; fileRef = FDBA190A2B385A5500747B81 /* StartViewController.swift */; };
		FDCB3FA92B8C99400055BF6B /* ElementMemorizingController.swift in Sources */ = {isa = PBXBuildFile; fileRef = FDCB3FA82B8C99400055BF6B /* ElementMemorizingController.swift */; };
		FDCBF9E82B1DEF4200214599 /* ChemicalElementModelJSON.swift in Sources */ = {isa = PBXBuildFile; fileRef = FDCBF9E72B1DEF4200214599 /* ChemicalElementModelJSON.swift */; };
		FDCBF9EA2B1E0C0F00214599 /* PeriodicTableJSON.json in Resources */ = {isa = PBXBuildFile; fileRef = FDCBF9E92B1E0C0F00214599 /* PeriodicTableJSON.json */; };
		FDCBF9EC2B1E1AAA00214599 /* Bundle+Extension.swift in Sources */ = {isa = PBXBuildFile; fileRef = FDCBF9EB2B1E1AAA00214599 /* Bundle+Extension.swift */; };
		FDD3C1672AFA6E7A0031336C /* AppDelegate.swift in Sources */ = {isa = PBXBuildFile; fileRef = FDD3C1662AFA6E7A0031336C /* AppDelegate.swift */; };
		FDD3C1692AFA6E7A0031336C /* SceneDelegate.swift in Sources */ = {isa = PBXBuildFile; fileRef = FDD3C1682AFA6E7A0031336C /* SceneDelegate.swift */; };
		FDD3C16B2AFA6E7A0031336C /* ElementQuizController.swift in Sources */ = {isa = PBXBuildFile; fileRef = FDD3C16A2AFA6E7A0031336C /* ElementQuizController.swift */; };
		FDD3C16E2AFA6E7A0031336C /* Main.storyboard in Resources */ = {isa = PBXBuildFile; fileRef = FDD3C16C2AFA6E7A0031336C /* Main.storyboard */; };
		FDD3C1702AFA6E7B0031336C /* Assets.xcassets in Resources */ = {isa = PBXBuildFile; fileRef = FDD3C16F2AFA6E7B0031336C /* Assets.xcassets */; };
		FDD3C1732AFA6E7B0031336C /* LaunchScreen.storyboard in Resources */ = {isa = PBXBuildFile; fileRef = FDD3C1712AFA6E7B0031336C /* LaunchScreen.storyboard */; };
		FDD3C17E2AFA6E7B0031336C /* ElementQuizTests.swift in Sources */ = {isa = PBXBuildFile; fileRef = FDD3C17D2AFA6E7B0031336C /* ElementQuizTests.swift */; };
		FDD3C1882AFA6E7B0031336C /* ElementQuizUITests.swift in Sources */ = {isa = PBXBuildFile; fileRef = FDD3C1872AFA6E7B0031336C /* ElementQuizUITests.swift */; };
		FDD3C18A2AFA6E7B0031336C /* ElementQuizUITestsLaunchTests.swift in Sources */ = {isa = PBXBuildFile; fileRef = FDD3C1892AFA6E7B0031336C /* ElementQuizUITestsLaunchTests.swift */; };
		FDF4996C2BA9FA7E005D4D3C /* StatisticsViewController.swift in Sources */ = {isa = PBXBuildFile; fileRef = FDF4996B2BA9FA7E005D4D3C /* StatisticsViewController.swift */; };
/* End PBXBuildFile section */

/* Begin PBXContainerItemProxy section */
		FDD3C17A2AFA6E7B0031336C /* PBXContainerItemProxy */ = {
			isa = PBXContainerItemProxy;
			containerPortal = FDD3C15B2AFA6E7A0031336C /* Project object */;
			proxyType = 1;
			remoteGlobalIDString = FDD3C1622AFA6E7A0031336C;
			remoteInfo = ElementQuiz;
		};
		FDD3C1842AFA6E7B0031336C /* PBXContainerItemProxy */ = {
			isa = PBXContainerItemProxy;
			containerPortal = FDD3C15B2AFA6E7A0031336C /* Project object */;
			proxyType = 1;
			remoteGlobalIDString = FDD3C1622AFA6E7A0031336C;
			remoteInfo = ElementQuiz;
		};
/* End PBXContainerItemProxy section */

/* Begin PBXFileReference section */
		FD19C84D2B52FACA005AFAC8 /* ElementInfoViewController.swift */ = {isa = PBXFileReference; lastKnownFileType = sourcecode.swift; path = ElementInfoViewController.swift; sourceTree = "<group>"; };
		FD316D492B9C7D1F007263CC /* PeriodicTableViewController.swift */ = {isa = PBXFileReference; lastKnownFileType = sourcecode.swift; path = PeriodicTableViewController.swift; sourceTree = "<group>"; };
		FD316D4B2B9CC3BD007263CC /* PeriodicTableCellView.swift */ = {isa = PBXFileReference; lastKnownFileType = sourcecode.swift; path = PeriodicTableCellView.swift; sourceTree = "<group>"; };
		FD56C06D2B1FACDD007AB130 /* ElementIconView+DisplayItem.swift */ = {isa = PBXFileReference; lastKnownFileType = sourcecode.swift; path = "ElementIconView+DisplayItem.swift"; sourceTree = "<group>"; };
		FDA774532B1F70D200DF7D8C /* ElementIconView.swift */ = {isa = PBXFileReference; lastKnownFileType = sourcecode.swift; path = ElementIconView.swift; sourceTree = "<group>"; };
		FDA997442B29D79C004C9761 /* DataManager.swift */ = {isa = PBXFileReference; lastKnownFileType = sourcecode.swift; path = DataManager.swift; sourceTree = "<group>"; };
		FDABAAE92B3B0F70007F423A /* User+CoreDataClass.swift */ = {isa = PBXFileReference; lastKnownFileType = sourcecode.swift; path = "User+CoreDataClass.swift"; sourceTree = "<group>"; };
		FDABAAEA2B3B0F70007F423A /* User+CoreDataProperties.swift */ = {isa = PBXFileReference; lastKnownFileType = sourcecode.swift; path = "User+CoreDataProperties.swift"; sourceTree = "<group>"; };
		FDAE5EF92B459DC1006C61B6 /* CircleProgressBar.swift */ = {isa = PBXFileReference; lastKnownFileType = sourcecode.swift; path = CircleProgressBar.swift; sourceTree = "<group>"; };
		FDAE5EFB2B45A881006C61B6 /* CircleProgressBar+DisplayItem.swift */ = {isa = PBXFileReference; lastKnownFileType = sourcecode.swift; path = "CircleProgressBar+DisplayItem.swift"; sourceTree = "<group>"; };
		FDAE5EFF2B45AD2C006C61B6 /* UserStatisticDataSource.swift */ = {isa = PBXFileReference; lastKnownFileType = sourcecode.swift; path = UserStatisticDataSource.swift; sourceTree = "<group>"; };
		FDB03A692B234E31004BC16E /* Colors.swift */ = {isa = PBXFileReference; lastKnownFileType = sourcecode.swift; path = Colors.swift; sourceTree = "<group>"; };
		FDB03A6D2B25F8BB004BC16E /* ElementQuizDataSource.swift */ = {isa = PBXFileReference; lastKnownFileType = sourcecode.swift; path = ElementQuizDataSource.swift; sourceTree = "<group>"; };
		FDB03AB72B263CA4004BC16E /* DataBase.xcdatamodel */ = {isa = PBXFileReference; lastKnownFileType = wrapper.xcdatamodel; path = DataBase.xcdatamodel; sourceTree = "<group>"; };
		FDB03AB92B263ED0004BC16E /* ChemicalElementModel+CoreDataClass.swift */ = {isa = PBXFileReference; lastKnownFileType = sourcecode.swift; path = "ChemicalElementModel+CoreDataClass.swift"; sourceTree = "<group>"; };
		FDB03ABA2B263ED0004BC16E /* ChemicalElementModel+CoreDataProperties.swift */ = {isa = PBXFileReference; lastKnownFileType = sourcecode.swift; path = "ChemicalElementModel+CoreDataProperties.swift"; sourceTree = "<group>"; };
		FDBA190A2B385A5500747B81 /* StartViewController.swift */ = {isa = PBXFileReference; lastKnownFileType = sourcecode.swift; path = StartViewController.swift; sourceTree = "<group>"; };
		FDCB3FA82B8C99400055BF6B /* ElementMemorizingController.swift */ = {isa = PBXFileReference; lastKnownFileType = sourcecode.swift; path = ElementMemorizingController.swift; sourceTree = "<group>"; };
		FDCBF9E72B1DEF4200214599 /* ChemicalElementModelJSON.swift */ = {isa = PBXFileReference; lastKnownFileType = sourcecode.swift; path = ChemicalElementModelJSON.swift; sourceTree = "<group>"; };
		FDCBF9E92B1E0C0F00214599 /* PeriodicTableJSON.json */ = {isa = PBXFileReference; fileEncoding = 4; lastKnownFileType = text.json; path = PeriodicTableJSON.json; sourceTree = "<group>"; };
		FDCBF9EB2B1E1AAA00214599 /* Bundle+Extension.swift */ = {isa = PBXFileReference; lastKnownFileType = sourcecode.swift; path = "Bundle+Extension.swift"; sourceTree = "<group>"; };
		FDD3C1632AFA6E7A0031336C /* ElementQuiz.app */ = {isa = PBXFileReference; explicitFileType = wrapper.application; includeInIndex = 0; path = ElementQuiz.app; sourceTree = BUILT_PRODUCTS_DIR; };
		FDD3C1662AFA6E7A0031336C /* AppDelegate.swift */ = {isa = PBXFileReference; lastKnownFileType = sourcecode.swift; path = AppDelegate.swift; sourceTree = "<group>"; };
		FDD3C1682AFA6E7A0031336C /* SceneDelegate.swift */ = {isa = PBXFileReference; lastKnownFileType = sourcecode.swift; path = SceneDelegate.swift; sourceTree = "<group>"; };
		FDD3C16A2AFA6E7A0031336C /* ElementQuizController.swift */ = {isa = PBXFileReference; lastKnownFileType = sourcecode.swift; path = ElementQuizController.swift; sourceTree = "<group>"; };
		FDD3C16D2AFA6E7A0031336C /* Base */ = {isa = PBXFileReference; lastKnownFileType = file.storyboard; name = Base; path = Base.lproj/Main.storyboard; sourceTree = "<group>"; };
		FDD3C16F2AFA6E7B0031336C /* Assets.xcassets */ = {isa = PBXFileReference; lastKnownFileType = folder.assetcatalog; path = Assets.xcassets; sourceTree = "<group>"; };
		FDD3C1722AFA6E7B0031336C /* Base */ = {isa = PBXFileReference; lastKnownFileType = file.storyboard; name = Base; path = Base.lproj/LaunchScreen.storyboard; sourceTree = "<group>"; };
		FDD3C1742AFA6E7B0031336C /* Info.plist */ = {isa = PBXFileReference; lastKnownFileType = text.plist.xml; path = Info.plist; sourceTree = "<group>"; };
		FDD3C1792AFA6E7B0031336C /* ElementQuizTests.xctest */ = {isa = PBXFileReference; explicitFileType = wrapper.cfbundle; includeInIndex = 0; path = ElementQuizTests.xctest; sourceTree = BUILT_PRODUCTS_DIR; };
		FDD3C17D2AFA6E7B0031336C /* ElementQuizTests.swift */ = {isa = PBXFileReference; lastKnownFileType = sourcecode.swift; path = ElementQuizTests.swift; sourceTree = "<group>"; };
		FDD3C1832AFA6E7B0031336C /* ElementQuizUITests.xctest */ = {isa = PBXFileReference; explicitFileType = wrapper.cfbundle; includeInIndex = 0; path = ElementQuizUITests.xctest; sourceTree = BUILT_PRODUCTS_DIR; };
		FDD3C1872AFA6E7B0031336C /* ElementQuizUITests.swift */ = {isa = PBXFileReference; lastKnownFileType = sourcecode.swift; path = ElementQuizUITests.swift; sourceTree = "<group>"; };
		FDD3C1892AFA6E7B0031336C /* ElementQuizUITestsLaunchTests.swift */ = {isa = PBXFileReference; lastKnownFileType = sourcecode.swift; path = ElementQuizUITestsLaunchTests.swift; sourceTree = "<group>"; };
		FDF4996B2BA9FA7E005D4D3C /* StatisticsViewController.swift */ = {isa = PBXFileReference; lastKnownFileType = sourcecode.swift; path = StatisticsViewController.swift; sourceTree = "<group>"; };
/* End PBXFileReference section */

/* Begin PBXFrameworksBuildPhase section */
		FDD3C1602AFA6E7A0031336C /* Frameworks */ = {
			isa = PBXFrameworksBuildPhase;
			buildActionMask = 2147483647;
			files = (
				FDA1FE132B3CCA47001D9F14 /* SnapKit in Frameworks */,
			);
			runOnlyForDeploymentPostprocessing = 0;
		};
		FDD3C1762AFA6E7B0031336C /* Frameworks */ = {
			isa = PBXFrameworksBuildPhase;
			buildActionMask = 2147483647;
			files = (
			);
			runOnlyForDeploymentPostprocessing = 0;
		};
		FDD3C1802AFA6E7B0031336C /* Frameworks */ = {
			isa = PBXFrameworksBuildPhase;
			buildActionMask = 2147483647;
			files = (
			);
			runOnlyForDeploymentPostprocessing = 0;
		};
/* End PBXFrameworksBuildPhase section */

/* Begin PBXGroup section */
		FD56C06C2B1FACAD007AB130 /* Views */ = {
			isa = PBXGroup;
			children = (
				FDA774532B1F70D200DF7D8C /* ElementIconView.swift */,
				FD56C06D2B1FACDD007AB130 /* ElementIconView+DisplayItem.swift */,
				FDAE5EF92B459DC1006C61B6 /* CircleProgressBar.swift */,
				FDAE5EFB2B45A881006C61B6 /* CircleProgressBar+DisplayItem.swift */,
				FD316D4B2B9CC3BD007263CC /* PeriodicTableCellView.swift */,
			);
			path = Views;
			sourceTree = "<group>";
		};
		FDB03A6B2B25F845004BC16E /* ViewControllers */ = {
			isa = PBXGroup;
			children = (
				FDD3C16A2AFA6E7A0031336C /* ElementQuizController.swift */,
				FDBA190A2B385A5500747B81 /* StartViewController.swift */,
				FD19C84D2B52FACA005AFAC8 /* ElementInfoViewController.swift */,
				FDCB3FA82B8C99400055BF6B /* ElementMemorizingController.swift */,
				FD316D492B9C7D1F007263CC /* PeriodicTableViewController.swift */,
				FDF4996B2BA9FA7E005D4D3C /* StatisticsViewController.swift */,
				FDB03A6C2B25F890004BC16E /* ElementQuiz */,
				FDB03A6F2B25F8E5004BC16E /* Models */,
			);
			path = ViewControllers;
			sourceTree = "<group>";
		};
		FDB03A6C2B25F890004BC16E /* ElementQuiz */ = {
			isa = PBXGroup;
			children = (
				FDB03A6D2B25F8BB004BC16E /* ElementQuizDataSource.swift */,
				FDAE5EFF2B45AD2C006C61B6 /* UserStatisticDataSource.swift */,
			);
			path = ElementQuiz;
			sourceTree = "<group>";
		};
		FDB03A6F2B25F8E5004BC16E /* Models */ = {
			isa = PBXGroup;
			children = (
				FDABAAE92B3B0F70007F423A /* User+CoreDataClass.swift */,
				FDABAAEA2B3B0F70007F423A /* User+CoreDataProperties.swift */,
				FDB03AB92B263ED0004BC16E /* ChemicalElementModel+CoreDataClass.swift */,
				FDB03ABA2B263ED0004BC16E /* ChemicalElementModel+CoreDataProperties.swift */,
				FDCBF9E72B1DEF4200214599 /* ChemicalElementModelJSON.swift */,
			);
			path = Models;
			sourceTree = "<group>";
		};
		FDD3C15A2AFA6E7A0031336C = {
			isa = PBXGroup;
			children = (
				FDD3C1652AFA6E7A0031336C /* ElementQuiz */,
				FDD3C17C2AFA6E7B0031336C /* ElementQuizTests */,
				FDD3C1862AFA6E7B0031336C /* ElementQuizUITests */,
				FDD3C1642AFA6E7A0031336C /* Products */,
			);
			sourceTree = "<group>";
		};
		FDD3C1642AFA6E7A0031336C /* Products */ = {
			isa = PBXGroup;
			children = (
				FDD3C1632AFA6E7A0031336C /* ElementQuiz.app */,
				FDD3C1792AFA6E7B0031336C /* ElementQuizTests.xctest */,
				FDD3C1832AFA6E7B0031336C /* ElementQuizUITests.xctest */,
			);
			name = Products;
			sourceTree = "<group>";
		};
		FDD3C1652AFA6E7A0031336C /* ElementQuiz */ = {
			isa = PBXGroup;
			children = (
				FDA997442B29D79C004C9761 /* DataManager.swift */,
				FDB03A6B2B25F845004BC16E /* ViewControllers */,
				FDD3C1662AFA6E7A0031336C /* AppDelegate.swift */,
				FDD3C1682AFA6E7A0031336C /* SceneDelegate.swift */,
				FDD3C16F2AFA6E7B0031336C /* Assets.xcassets */,
				FDCBF9EB2B1E1AAA00214599 /* Bundle+Extension.swift */,
				FDB03A692B234E31004BC16E /* Colors.swift */,
				FDD3C1742AFA6E7B0031336C /* Info.plist */,
				FDD3C1712AFA6E7B0031336C /* LaunchScreen.storyboard */,
				FDD3C16C2AFA6E7A0031336C /* Main.storyboard */,
				FDCBF9E92B1E0C0F00214599 /* PeriodicTableJSON.json */,
				FD56C06C2B1FACAD007AB130 /* Views */,
				FDB03AB62B263CA4004BC16E /* DataBase.xcdatamodeld */,
			);
			path = ElementQuiz;
			sourceTree = "<group>";
		};
		FDD3C17C2AFA6E7B0031336C /* ElementQuizTests */ = {
			isa = PBXGroup;
			children = (
				FDD3C17D2AFA6E7B0031336C /* ElementQuizTests.swift */,
			);
			path = ElementQuizTests;
			sourceTree = "<group>";
		};
		FDD3C1862AFA6E7B0031336C /* ElementQuizUITests */ = {
			isa = PBXGroup;
			children = (
				FDD3C1872AFA6E7B0031336C /* ElementQuizUITests.swift */,
				FDD3C1892AFA6E7B0031336C /* ElementQuizUITestsLaunchTests.swift */,
			);
			path = ElementQuizUITests;
			sourceTree = "<group>";
		};
/* End PBXGroup section */

/* Begin PBXNativeTarget section */
		FDD3C1622AFA6E7A0031336C /* ElementQuiz */ = {
			isa = PBXNativeTarget;
			buildConfigurationList = FDD3C18D2AFA6E7B0031336C /* Build configuration list for PBXNativeTarget "ElementQuiz" */;
			buildPhases = (
				FDD3C15F2AFA6E7A0031336C /* Sources */,
				FDD3C1602AFA6E7A0031336C /* Frameworks */,
				FDD3C1612AFA6E7A0031336C /* Resources */,
			);
			buildRules = (
			);
			dependencies = (
			);
			name = ElementQuiz;
			packageProductDependencies = (
				FDA1FE122B3CCA47001D9F14 /* SnapKit */,
			);
			productName = ElementQuiz;
			productReference = FDD3C1632AFA6E7A0031336C /* ElementQuiz.app */;
			productType = "com.apple.product-type.application";
		};
		FDD3C1782AFA6E7B0031336C /* ElementQuizTests */ = {
			isa = PBXNativeTarget;
			buildConfigurationList = FDD3C1902AFA6E7B0031336C /* Build configuration list for PBXNativeTarget "ElementQuizTests" */;
			buildPhases = (
				FDD3C1752AFA6E7B0031336C /* Sources */,
				FDD3C1762AFA6E7B0031336C /* Frameworks */,
				FDD3C1772AFA6E7B0031336C /* Resources */,
			);
			buildRules = (
			);
			dependencies = (
				FDD3C17B2AFA6E7B0031336C /* PBXTargetDependency */,
			);
			name = ElementQuizTests;
			productName = ElementQuizTests;
			productReference = FDD3C1792AFA6E7B0031336C /* ElementQuizTests.xctest */;
			productType = "com.apple.product-type.bundle.unit-test";
		};
		FDD3C1822AFA6E7B0031336C /* ElementQuizUITests */ = {
			isa = PBXNativeTarget;
			buildConfigurationList = FDD3C1932AFA6E7B0031336C /* Build configuration list for PBXNativeTarget "ElementQuizUITests" */;
			buildPhases = (
				FDD3C17F2AFA6E7B0031336C /* Sources */,
				FDD3C1802AFA6E7B0031336C /* Frameworks */,
				FDD3C1812AFA6E7B0031336C /* Resources */,
			);
			buildRules = (
			);
			dependencies = (
				FDD3C1852AFA6E7B0031336C /* PBXTargetDependency */,
			);
			name = ElementQuizUITests;
			productName = ElementQuizUITests;
			productReference = FDD3C1832AFA6E7B0031336C /* ElementQuizUITests.xctest */;
			productType = "com.apple.product-type.bundle.ui-testing";
		};
/* End PBXNativeTarget section */

/* Begin PBXProject section */
		FDD3C15B2AFA6E7A0031336C /* Project object */ = {
			isa = PBXProject;
			attributes = {
				BuildIndependentTargetsInParallel = 1;
				LastSwiftUpdateCheck = 1420;
				LastUpgradeCheck = 1420;
				TargetAttributes = {
					FDD3C1622AFA6E7A0031336C = {
						CreatedOnToolsVersion = 14.2;
					};
					FDD3C1782AFA6E7B0031336C = {
						CreatedOnToolsVersion = 14.2;
						TestTargetID = FDD3C1622AFA6E7A0031336C;
					};
					FDD3C1822AFA6E7B0031336C = {
						CreatedOnToolsVersion = 14.2;
						TestTargetID = FDD3C1622AFA6E7A0031336C;
					};
				};
			};
			buildConfigurationList = FDD3C15E2AFA6E7A0031336C /* Build configuration list for PBXProject "ElementQuiz" */;
			compatibilityVersion = "Xcode 14.0";
			developmentRegion = en;
			hasScannedForEncodings = 0;
			knownRegions = (
				en,
				Base,
			);
			mainGroup = FDD3C15A2AFA6E7A0031336C;
			packageReferences = (
				FDA1FE112B3CCA47001D9F14 /* XCRemoteSwiftPackageReference "SnapKit" */,
			);
			productRefGroup = FDD3C1642AFA6E7A0031336C /* Products */;
			projectDirPath = "";
			projectRoot = "";
			targets = (
				FDD3C1622AFA6E7A0031336C /* ElementQuiz */,
				FDD3C1782AFA6E7B0031336C /* ElementQuizTests */,
				FDD3C1822AFA6E7B0031336C /* ElementQuizUITests */,
			);
		};
/* End PBXProject section */

/* Begin PBXResourcesBuildPhase section */
		FDD3C1612AFA6E7A0031336C /* Resources */ = {
			isa = PBXResourcesBuildPhase;
			buildActionMask = 2147483647;
			files = (
				FDD3C1732AFA6E7B0031336C /* LaunchScreen.storyboard in Resources */,
				FDD3C1702AFA6E7B0031336C /* Assets.xcassets in Resources */,
				FDD3C16E2AFA6E7A0031336C /* Main.storyboard in Resources */,
				FDCBF9EA2B1E0C0F00214599 /* PeriodicTableJSON.json in Resources */,
			);
			runOnlyForDeploymentPostprocessing = 0;
		};
		FDD3C1772AFA6E7B0031336C /* Resources */ = {
			isa = PBXResourcesBuildPhase;
			buildActionMask = 2147483647;
			files = (
			);
			runOnlyForDeploymentPostprocessing = 0;
		};
		FDD3C1812AFA6E7B0031336C /* Resources */ = {
			isa = PBXResourcesBuildPhase;
			buildActionMask = 2147483647;
			files = (
			);
			runOnlyForDeploymentPostprocessing = 0;
		};
/* End PBXResourcesBuildPhase section */

/* Begin PBXSourcesBuildPhase section */
		FDD3C15F2AFA6E7A0031336C /* Sources */ = {
			isa = PBXSourcesBuildPhase;
			buildActionMask = 2147483647;
			files = (
				FDCBF9E82B1DEF4200214599 /* ChemicalElementModelJSON.swift in Sources */,
				FDBA190B2B385A5500747B81 /* StartViewController.swift in Sources */,
				FD316D4C2B9CC3BD007263CC /* PeriodicTableCellView.swift in Sources */,
				FDF4996C2BA9FA7E005D4D3C /* StatisticsViewController.swift in Sources */,
				FDABAAEC2B3B0F70007F423A /* User+CoreDataProperties.swift in Sources */,
				FDB03A6A2B234E31004BC16E /* Colors.swift in Sources */,
				FDB03AB82B263CA4004BC16E /* DataBase.xcdatamodeld in Sources */,
				FDCBF9EC2B1E1AAA00214599 /* Bundle+Extension.swift in Sources */,
				FDB03ABC2B263ED0004BC16E /* ChemicalElementModel+CoreDataProperties.swift in Sources */,
				FDAE5EFA2B459DC1006C61B6 /* CircleProgressBar.swift in Sources */,
				FD316D4A2B9C7D1F007263CC /* PeriodicTableViewController.swift in Sources */,
				FDA774542B1F70D200DF7D8C /* ElementIconView.swift in Sources */,
				FDD3C16B2AFA6E7A0031336C /* ElementQuizController.swift in Sources */,
				FDAE5EFC2B45A881006C61B6 /* CircleProgressBar+DisplayItem.swift in Sources */,
				FD56C06E2B1FACDD007AB130 /* ElementIconView+DisplayItem.swift in Sources */,
				FDB03ABB2B263ED0004BC16E /* ChemicalElementModel+CoreDataClass.swift in Sources */,
				FDB03A6E2B25F8BB004BC16E /* ElementQuizDataSource.swift in Sources */,
				FDCB3FA92B8C99400055BF6B /* ElementMemorizingController.swift in Sources */,
				FDD3C1672AFA6E7A0031336C /* AppDelegate.swift in Sources */,
				FDAE5F002B45AD2C006C61B6 /* UserStatisticDataSource.swift in Sources */,
				FDA997452B29D79C004C9761 /* DataManager.swift in Sources */,
				FDD3C1692AFA6E7A0031336C /* SceneDelegate.swift in Sources */,
				FDABAAEB2B3B0F70007F423A /* User+CoreDataClass.swift in Sources */,
				FD19C84E2B52FACA005AFAC8 /* ElementInfoViewController.swift in Sources */,
			);
			runOnlyForDeploymentPostprocessing = 0;
		};
		FDD3C1752AFA6E7B0031336C /* Sources */ = {
			isa = PBXSourcesBuildPhase;
			buildActionMask = 2147483647;
			files = (
				FDD3C17E2AFA6E7B0031336C /* ElementQuizTests.swift in Sources */,
			);
			runOnlyForDeploymentPostprocessing = 0;
		};
		FDD3C17F2AFA6E7B0031336C /* Sources */ = {
			isa = PBXSourcesBuildPhase;
			buildActionMask = 2147483647;
			files = (
				FDD3C18A2AFA6E7B0031336C /* ElementQuizUITestsLaunchTests.swift in Sources */,
				FDD3C1882AFA6E7B0031336C /* ElementQuizUITests.swift in Sources */,
			);
			runOnlyForDeploymentPostprocessing = 0;
		};
/* End PBXSourcesBuildPhase section */

/* Begin PBXTargetDependency section */
		FDD3C17B2AFA6E7B0031336C /* PBXTargetDependency */ = {
			isa = PBXTargetDependency;
			target = FDD3C1622AFA6E7A0031336C /* ElementQuiz */;
			targetProxy = FDD3C17A2AFA6E7B0031336C /* PBXContainerItemProxy */;
		};
		FDD3C1852AFA6E7B0031336C /* PBXTargetDependency */ = {
			isa = PBXTargetDependency;
			target = FDD3C1622AFA6E7A0031336C /* ElementQuiz */;
			targetProxy = FDD3C1842AFA6E7B0031336C /* PBXContainerItemProxy */;
		};
/* End PBXTargetDependency section */

/* Begin PBXVariantGroup section */
		FDD3C16C2AFA6E7A0031336C /* Main.storyboard */ = {
			isa = PBXVariantGroup;
			children = (
				FDD3C16D2AFA6E7A0031336C /* Base */,
			);
			name = Main.storyboard;
			sourceTree = "<group>";
		};
		FDD3C1712AFA6E7B0031336C /* LaunchScreen.storyboard */ = {
			isa = PBXVariantGroup;
			children = (
				FDD3C1722AFA6E7B0031336C /* Base */,
			);
			name = LaunchScreen.storyboard;
			sourceTree = "<group>";
		};
/* End PBXVariantGroup section */

/* Begin XCBuildConfiguration section */
		FDD3C18B2AFA6E7B0031336C /* Debug */ = {
			isa = XCBuildConfiguration;
			buildSettings = {
				ALWAYS_SEARCH_USER_PATHS = NO;
				CLANG_ANALYZER_NONNULL = YES;
				CLANG_ANALYZER_NUMBER_OBJECT_CONVERSION = YES_AGGRESSIVE;
				CLANG_CXX_LANGUAGE_STANDARD = "gnu++20";
				CLANG_ENABLE_MODULES = YES;
				CLANG_ENABLE_OBJC_ARC = YES;
				CLANG_ENABLE_OBJC_WEAK = YES;
				CLANG_WARN_BLOCK_CAPTURE_AUTORELEASING = YES;
				CLANG_WARN_BOOL_CONVERSION = YES;
				CLANG_WARN_COMMA = YES;
				CLANG_WARN_CONSTANT_CONVERSION = YES;
				CLANG_WARN_DEPRECATED_OBJC_IMPLEMENTATIONS = YES;
				CLANG_WARN_DIRECT_OBJC_ISA_USAGE = YES_ERROR;
				CLANG_WARN_DOCUMENTATION_COMMENTS = YES;
				CLANG_WARN_EMPTY_BODY = YES;
				CLANG_WARN_ENUM_CONVERSION = YES;
				CLANG_WARN_INFINITE_RECURSION = YES;
				CLANG_WARN_INT_CONVERSION = YES;
				CLANG_WARN_NON_LITERAL_NULL_CONVERSION = YES;
				CLANG_WARN_OBJC_IMPLICIT_RETAIN_SELF = YES;
				CLANG_WARN_OBJC_LITERAL_CONVERSION = YES;
				CLANG_WARN_OBJC_ROOT_CLASS = YES_ERROR;
				CLANG_WARN_QUOTED_INCLUDE_IN_FRAMEWORK_HEADER = YES;
				CLANG_WARN_RANGE_LOOP_ANALYSIS = YES;
				CLANG_WARN_STRICT_PROTOTYPES = YES;
				CLANG_WARN_SUSPICIOUS_MOVE = YES;
				CLANG_WARN_UNGUARDED_AVAILABILITY = YES_AGGRESSIVE;
				CLANG_WARN_UNREACHABLE_CODE = YES;
				CLANG_WARN__DUPLICATE_METHOD_MATCH = YES;
				COPY_PHASE_STRIP = NO;
				DEBUG_INFORMATION_FORMAT = dwarf;
				ENABLE_STRICT_OBJC_MSGSEND = YES;
				ENABLE_TESTABILITY = YES;
				GCC_C_LANGUAGE_STANDARD = gnu11;
				GCC_DYNAMIC_NO_PIC = NO;
				GCC_NO_COMMON_BLOCKS = YES;
				GCC_OPTIMIZATION_LEVEL = 0;
				GCC_PREPROCESSOR_DEFINITIONS = (
					"DEBUG=1",
					"$(inherited)",
				);
				GCC_WARN_64_TO_32_BIT_CONVERSION = YES;
				GCC_WARN_ABOUT_RETURN_TYPE = YES_ERROR;
				GCC_WARN_UNDECLARED_SELECTOR = YES;
				GCC_WARN_UNINITIALIZED_AUTOS = YES_AGGRESSIVE;
				GCC_WARN_UNUSED_FUNCTION = YES;
				GCC_WARN_UNUSED_VARIABLE = YES;
				IPHONEOS_DEPLOYMENT_TARGET = 16.2;
				MTL_ENABLE_DEBUG_INFO = INCLUDE_SOURCE;
				MTL_FAST_MATH = YES;
				ONLY_ACTIVE_ARCH = YES;
				SDKROOT = iphoneos;
				SWIFT_ACTIVE_COMPILATION_CONDITIONS = DEBUG;
				SWIFT_OPTIMIZATION_LEVEL = "-Onone";
			};
			name = Debug;
		};
		FDD3C18C2AFA6E7B0031336C /* Release */ = {
			isa = XCBuildConfiguration;
			buildSettings = {
				ALWAYS_SEARCH_USER_PATHS = NO;
				CLANG_ANALYZER_NONNULL = YES;
				CLANG_ANALYZER_NUMBER_OBJECT_CONVERSION = YES_AGGRESSIVE;
				CLANG_CXX_LANGUAGE_STANDARD = "gnu++20";
				CLANG_ENABLE_MODULES = YES;
				CLANG_ENABLE_OBJC_ARC = YES;
				CLANG_ENABLE_OBJC_WEAK = YES;
				CLANG_WARN_BLOCK_CAPTURE_AUTORELEASING = YES;
				CLANG_WARN_BOOL_CONVERSION = YES;
				CLANG_WARN_COMMA = YES;
				CLANG_WARN_CONSTANT_CONVERSION = YES;
				CLANG_WARN_DEPRECATED_OBJC_IMPLEMENTATIONS = YES;
				CLANG_WARN_DIRECT_OBJC_ISA_USAGE = YES_ERROR;
				CLANG_WARN_DOCUMENTATION_COMMENTS = YES;
				CLANG_WARN_EMPTY_BODY = YES;
				CLANG_WARN_ENUM_CONVERSION = YES;
				CLANG_WARN_INFINITE_RECURSION = YES;
				CLANG_WARN_INT_CONVERSION = YES;
				CLANG_WARN_NON_LITERAL_NULL_CONVERSION = YES;
				CLANG_WARN_OBJC_IMPLICIT_RETAIN_SELF = YES;
				CLANG_WARN_OBJC_LITERAL_CONVERSION = YES;
				CLANG_WARN_OBJC_ROOT_CLASS = YES_ERROR;
				CLANG_WARN_QUOTED_INCLUDE_IN_FRAMEWORK_HEADER = YES;
				CLANG_WARN_RANGE_LOOP_ANALYSIS = YES;
				CLANG_WARN_STRICT_PROTOTYPES = YES;
				CLANG_WARN_SUSPICIOUS_MOVE = YES;
				CLANG_WARN_UNGUARDED_AVAILABILITY = YES_AGGRESSIVE;
				CLANG_WARN_UNREACHABLE_CODE = YES;
				CLANG_WARN__DUPLICATE_METHOD_MATCH = YES;
				COPY_PHASE_STRIP = NO;
				DEBUG_INFORMATION_FORMAT = "dwarf-with-dsym";
				ENABLE_NS_ASSERTIONS = NO;
				ENABLE_STRICT_OBJC_MSGSEND = YES;
				GCC_C_LANGUAGE_STANDARD = gnu11;
				GCC_NO_COMMON_BLOCKS = YES;
				GCC_WARN_64_TO_32_BIT_CONVERSION = YES;
				GCC_WARN_ABOUT_RETURN_TYPE = YES_ERROR;
				GCC_WARN_UNDECLARED_SELECTOR = YES;
				GCC_WARN_UNINITIALIZED_AUTOS = YES_AGGRESSIVE;
				GCC_WARN_UNUSED_FUNCTION = YES;
				GCC_WARN_UNUSED_VARIABLE = YES;
				IPHONEOS_DEPLOYMENT_TARGET = 16.2;
				MTL_ENABLE_DEBUG_INFO = NO;
				MTL_FAST_MATH = YES;
				SDKROOT = iphoneos;
				SWIFT_COMPILATION_MODE = wholemodule;
				SWIFT_OPTIMIZATION_LEVEL = "-O";
				VALIDATE_PRODUCT = YES;
			};
			name = Release;
		};
		FDD3C18E2AFA6E7B0031336C /* Debug */ = {
			isa = XCBuildConfiguration;
			buildSettings = {
				ASSETCATALOG_COMPILER_APPICON_NAME = AppIcon;
				ASSETCATALOG_COMPILER_GLOBAL_ACCENT_COLOR_NAME = AccentColor;
				CODE_SIGN_STYLE = Automatic;
				CURRENT_PROJECT_VERSION = 1;
				DEVELOPMENT_TEAM = 4PHSLA8XUS;
				GENERATE_INFOPLIST_FILE = YES;
				INFOPLIST_FILE = ElementQuiz/Info.plist;
				INFOPLIST_KEY_UIApplicationSupportsIndirectInputEvents = YES;
				INFOPLIST_KEY_UILaunchStoryboardName = LaunchScreen;
				INFOPLIST_KEY_UIMainStoryboardFile = Main;
				INFOPLIST_KEY_UISupportedInterfaceOrientations_iPad = "UIInterfaceOrientationPortrait UIInterfaceOrientationPortraitUpsideDown UIInterfaceOrientationLandscapeLeft UIInterfaceOrientationLandscapeRight";
				INFOPLIST_KEY_UISupportedInterfaceOrientations_iPhone = "UIInterfaceOrientationPortrait UIInterfaceOrientationLandscapeLeft UIInterfaceOrientationLandscapeRight";
				LD_RUNPATH_SEARCH_PATHS = (
					"$(inherited)",
					"@executable_path/Frameworks",
				);
				MARKETING_VERSION = 1.0;
				PRODUCT_BUNDLE_IDENTIFIER = BaranovStepan.ElementQuiz;
				PRODUCT_NAME = "$(TARGET_NAME)";
				SWIFT_EMIT_LOC_STRINGS = YES;
				SWIFT_VERSION = 5.0;
				TARGETED_DEVICE_FAMILY = "1,2";
			};
			name = Debug;
		};
		FDD3C18F2AFA6E7B0031336C /* Release */ = {
			isa = XCBuildConfiguration;
			buildSettings = {
				ASSETCATALOG_COMPILER_APPICON_NAME = AppIcon;
				ASSETCATALOG_COMPILER_GLOBAL_ACCENT_COLOR_NAME = AccentColor;
				CODE_SIGN_STYLE = Automatic;
				CURRENT_PROJECT_VERSION = 1;
				DEVELOPMENT_TEAM = 4PHSLA8XUS;
				GENERATE_INFOPLIST_FILE = YES;
				INFOPLIST_FILE = ElementQuiz/Info.plist;
				INFOPLIST_KEY_UIApplicationSupportsIndirectInputEvents = YES;
				INFOPLIST_KEY_UILaunchStoryboardName = LaunchScreen;
				INFOPLIST_KEY_UIMainStoryboardFile = Main;
				INFOPLIST_KEY_UISupportedInterfaceOrientations_iPad = "UIInterfaceOrientationPortrait UIInterfaceOrientationPortraitUpsideDown UIInterfaceOrientationLandscapeLeft UIInterfaceOrientationLandscapeRight";
				INFOPLIST_KEY_UISupportedInterfaceOrientations_iPhone = "UIInterfaceOrientationPortrait UIInterfaceOrientationLandscapeLeft UIInterfaceOrientationLandscapeRight";
				LD_RUNPATH_SEARCH_PATHS = (
					"$(inherited)",
					"@executable_path/Frameworks",
				);
				MARKETING_VERSION = 1.0;
				PRODUCT_BUNDLE_IDENTIFIER = BaranovStepan.ElementQuiz;
				PRODUCT_NAME = "$(TARGET_NAME)";
				SWIFT_EMIT_LOC_STRINGS = YES;
				SWIFT_VERSION = 5.0;
				TARGETED_DEVICE_FAMILY = "1,2";
			};
			name = Release;
		};
		FDD3C1912AFA6E7B0031336C /* Debug */ = {
			isa = XCBuildConfiguration;
			buildSettings = {
				ALWAYS_EMBED_SWIFT_STANDARD_LIBRARIES = YES;
				BUNDLE_LOADER = "$(TEST_HOST)";
				CODE_SIGN_STYLE = Automatic;
				CURRENT_PROJECT_VERSION = 1;
				DEVELOPMENT_TEAM = 4PHSLA8XUS;
				GENERATE_INFOPLIST_FILE = YES;
				IPHONEOS_DEPLOYMENT_TARGET = 16.2;
				MARKETING_VERSION = 1.0;
				PRODUCT_BUNDLE_IDENTIFIER = BaranovStepan.ElementQuizTests;
				PRODUCT_NAME = "$(TARGET_NAME)";
				SWIFT_EMIT_LOC_STRINGS = NO;
				SWIFT_VERSION = 5.0;
				TARGETED_DEVICE_FAMILY = "1,2";
				TEST_HOST = "$(BUILT_PRODUCTS_DIR)/ElementQuiz.app/$(BUNDLE_EXECUTABLE_FOLDER_PATH)/ElementQuiz";
			};
			name = Debug;
		};
		FDD3C1922AFA6E7B0031336C /* Release */ = {
			isa = XCBuildConfiguration;
			buildSettings = {
				ALWAYS_EMBED_SWIFT_STANDARD_LIBRARIES = YES;
				BUNDLE_LOADER = "$(TEST_HOST)";
				CODE_SIGN_STYLE = Automatic;
				CURRENT_PROJECT_VERSION = 1;
				DEVELOPMENT_TEAM = 4PHSLA8XUS;
				GENERATE_INFOPLIST_FILE = YES;
				IPHONEOS_DEPLOYMENT_TARGET = 16.2;
				MARKETING_VERSION = 1.0;
				PRODUCT_BUNDLE_IDENTIFIER = BaranovStepan.ElementQuizTests;
				PRODUCT_NAME = "$(TARGET_NAME)";
				SWIFT_EMIT_LOC_STRINGS = NO;
				SWIFT_VERSION = 5.0;
				TARGETED_DEVICE_FAMILY = "1,2";
				TEST_HOST = "$(BUILT_PRODUCTS_DIR)/ElementQuiz.app/$(BUNDLE_EXECUTABLE_FOLDER_PATH)/ElementQuiz";
			};
			name = Release;
		};
		FDD3C1942AFA6E7B0031336C /* Debug */ = {
			isa = XCBuildConfiguration;
			buildSettings = {
				ALWAYS_EMBED_SWIFT_STANDARD_LIBRARIES = YES;
				CODE_SIGN_STYLE = Automatic;
				CURRENT_PROJECT_VERSION = 1;
				DEVELOPMENT_TEAM = 4PHSLA8XUS;
				GENERATE_INFOPLIST_FILE = YES;
				MARKETING_VERSION = 1.0;
				PRODUCT_BUNDLE_IDENTIFIER = BaranovStepan.ElementQuizUITests;
				PRODUCT_NAME = "$(TARGET_NAME)";
				SWIFT_EMIT_LOC_STRINGS = NO;
				SWIFT_VERSION = 5.0;
				TARGETED_DEVICE_FAMILY = "1,2";
				TEST_TARGET_NAME = ElementQuiz;
			};
			name = Debug;
		};
		FDD3C1952AFA6E7B0031336C /* Release */ = {
			isa = XCBuildConfiguration;
			buildSettings = {
				ALWAYS_EMBED_SWIFT_STANDARD_LIBRARIES = YES;
				CODE_SIGN_STYLE = Automatic;
				CURRENT_PROJECT_VERSION = 1;
				DEVELOPMENT_TEAM = 4PHSLA8XUS;
				GENERATE_INFOPLIST_FILE = YES;
				MARKETING_VERSION = 1.0;
				PRODUCT_BUNDLE_IDENTIFIER = BaranovStepan.ElementQuizUITests;
				PRODUCT_NAME = "$(TARGET_NAME)";
				SWIFT_EMIT_LOC_STRINGS = NO;
				SWIFT_VERSION = 5.0;
				TARGETED_DEVICE_FAMILY = "1,2";
				TEST_TARGET_NAME = ElementQuiz;
			};
			name = Release;
		};
/* End XCBuildConfiguration section */

/* Begin XCConfigurationList section */
		FDD3C15E2AFA6E7A0031336C /* Build configuration list for PBXProject "ElementQuiz" */ = {
			isa = XCConfigurationList;
			buildConfigurations = (
				FDD3C18B2AFA6E7B0031336C /* Debug */,
				FDD3C18C2AFA6E7B0031336C /* Release */,
			);
			defaultConfigurationIsVisible = 0;
			defaultConfigurationName = Release;
		};
		FDD3C18D2AFA6E7B0031336C /* Build configuration list for PBXNativeTarget "ElementQuiz" */ = {
			isa = XCConfigurationList;
			buildConfigurations = (
				FDD3C18E2AFA6E7B0031336C /* Debug */,
				FDD3C18F2AFA6E7B0031336C /* Release */,
			);
			defaultConfigurationIsVisible = 0;
			defaultConfigurationName = Release;
		};
		FDD3C1902AFA6E7B0031336C /* Build configuration list for PBXNativeTarget "ElementQuizTests" */ = {
			isa = XCConfigurationList;
			buildConfigurations = (
				FDD3C1912AFA6E7B0031336C /* Debug */,
				FDD3C1922AFA6E7B0031336C /* Release */,
			);
			defaultConfigurationIsVisible = 0;
			defaultConfigurationName = Release;
		};
		FDD3C1932AFA6E7B0031336C /* Build configuration list for PBXNativeTarget "ElementQuizUITests" */ = {
			isa = XCConfigurationList;
			buildConfigurations = (
				FDD3C1942AFA6E7B0031336C /* Debug */,
				FDD3C1952AFA6E7B0031336C /* Release */,
			);
			defaultConfigurationIsVisible = 0;
			defaultConfigurationName = Release;
		};
/* End XCConfigurationList section */

/* Begin XCRemoteSwiftPackageReference section */
		FDA1FE112B3CCA47001D9F14 /* XCRemoteSwiftPackageReference "SnapKit" */ = {
			isa = XCRemoteSwiftPackageReference;
			repositoryURL = "https://github.com/SnapKit/SnapKit";
			requirement = {
				kind = upToNextMinorVersion;
				minimumVersion = 5.6.0;
			};
		};
/* End XCRemoteSwiftPackageReference section */

/* Begin XCSwiftPackageProductDependency section */
		FDA1FE122B3CCA47001D9F14 /* SnapKit */ = {
			isa = XCSwiftPackageProductDependency;
			package = FDA1FE112B3CCA47001D9F14 /* XCRemoteSwiftPackageReference "SnapKit" */;
			productName = SnapKit;
		};
/* End XCSwiftPackageProductDependency section */

/* Begin XCVersionGroup section */
		FDB03AB62B263CA4004BC16E /* DataBase.xcdatamodeld */ = {
			isa = XCVersionGroup;
			children = (
				FDB03AB72B263CA4004BC16E /* DataBase.xcdatamodel */,
			);
			currentVersion = FDB03AB72B263CA4004BC16E /* DataBase.xcdatamodel */;
			path = DataBase.xcdatamodeld;
			sourceTree = "<group>";
			versionGroupType = wrapper.xcdatamodel;
		};
/* End XCVersionGroup section */
	};
	rootObject = FDD3C15B2AFA6E7A0031336C /* Project object */;
}
